// !$*UTF8*$!
{
	archiveVersion = 1;
	classes = {
	};
	objectVersion = 50;
	objects = {

/* Begin PBXBuildFile section */
		325E2EE224250B8A00BB2EBC /* AppDelegate.swift in Sources */ = {isa = PBXBuildFile; fileRef = 325E2EE124250B8A00BB2EBC /* AppDelegate.swift */; };
		325E2EE424250B8A00BB2EBC /* SceneDelegate.swift in Sources */ = {isa = PBXBuildFile; fileRef = 325E2EE324250B8A00BB2EBC /* SceneDelegate.swift */; };
		325E2EE624250B8A00BB2EBC /* ViewController.swift in Sources */ = {isa = PBXBuildFile; fileRef = 325E2EE524250B8A00BB2EBC /* ViewController.swift */; };
		325E2EE924250B8A00BB2EBC /* Main.storyboard in Resources */ = {isa = PBXBuildFile; fileRef = 325E2EE724250B8A00BB2EBC /* Main.storyboard */; };
		325E2EEB24250B8E00BB2EBC /* Assets.xcassets in Resources */ = {isa = PBXBuildFile; fileRef = 325E2EEA24250B8E00BB2EBC /* Assets.xcassets */; };
		325E2EEE24250B8E00BB2EBC /* LaunchScreen.storyboard in Resources */ = {isa = PBXBuildFile; fileRef = 325E2EEC24250B8E00BB2EBC /* LaunchScreen.storyboard */; };
		325E2EF624250CBA00BB2EBC /* kenny.jpeg in Resources */ = {isa = PBXBuildFile; fileRef = 325E2EF524250CBA00BB2EBC /* kenny.jpeg */; };
/* End PBXBuildFile section */

/* Begin PBXFileReference section */
		325E2EDE24250B8A00BB2EBC /* CatchKenny.app */ = {isa = PBXFileReference; explicitFileType = wrapper.application; includeInIndex = 0; path = CatchKenny.app; sourceTree = BUILT_PRODUCTS_DIR; };
		325E2EE124250B8A00BB2EBC /* AppDelegate.swift */ = {isa = PBXFileReference; lastKnownFileType = sourcecode.swift; path = AppDelegate.swift; sourceTree = "<group>"; };
		325E2EE324250B8A00BB2EBC /* SceneDelegate.swift */ = {isa = PBXFileReference; lastKnownFileType = sourcecode.swift; path = SceneDelegate.swift; sourceTree = "<group>"; };
		325E2EE524250B8A00BB2EBC /* ViewController.swift */ = {isa = PBXFileReference; lastKnownFileType = sourcecode.swift; path = ViewController.swift; sourceTree = "<group>"; };
		325E2EE824250B8A00BB2EBC /* Base */ = {isa = PBXFileReference; lastKnownFileType = file.storyboard; name = Base; path = Base.lproj/Main.storyboard; sourceTree = "<group>"; };
		325E2EEA24250B8E00BB2EBC /* Assets.xcassets */ = {isa = PBXFileReference; lastKnownFileType = folder.assetcatalog; path = Assets.xcassets; sourceTree = "<group>"; };
		325E2EED24250B8E00BB2EBC /* Base */ = {isa = PBXFileReference; lastKnownFileType = file.storyboard; name = Base; path = Base.lproj/LaunchScreen.storyboard; sourceTree = "<group>"; };
		325E2EEF24250B8E00BB2EBC /* Info.plist */ = {isa = PBXFileReference; lastKnownFileType = text.plist.xml; path = Info.plist; sourceTree = "<group>"; };
		325E2EF524250CBA00BB2EBC /* kenny.jpeg */ = {isa = PBXFileReference; lastKnownFileType = image.jpeg; path = kenny.jpeg; sourceTree = "<group>"; };
/* End PBXFileReference section */

/* Begin PBXFrameworksBuildPhase section */
		325E2EDB24250B8A00BB2EBC /* Frameworks */ = {
			isa = PBXFrameworksBuildPhase;
			buildActionMask = 2147483647;
			files = (
			);
			runOnlyForDeploymentPostprocessing = 0;
		};
/* End PBXFrameworksBuildPhase section */

/* Begin PBXGroup section */
		325E2ED524250B8A00BB2EBC = {
			isa = PBXGroup;
			children = (
				325E2EE024250B8A00BB2EBC /* CatchKenny */,
				325E2EDF24250B8A00BB2EBC /* Products */,
			);
			sourceTree = "<group>";
		};
		325E2EDF24250B8A00BB2EBC /* Products */ = {
			isa = PBXGroup;
			children = (
				325E2EDE24250B8A00BB2EBC /* CatchKenny.app */,
			);
			name = Products;
			sourceTree = "<group>";
		};
		325E2EE024250B8A00BB2EBC /* CatchKenny */ = {
			isa = PBXGroup;
			children = (
				325E2EE124250B8A00BB2EBC /* AppDelegate.swift */,
				325E2EE324250B8A00BB2EBC /* SceneDelegate.swift */,
				325E2EE524250B8A00BB2EBC /* ViewController.swift */,
				325E2EE724250B8A00BB2EBC /* Main.storyboard */,
				325E2EEA24250B8E00BB2EBC /* Assets.xcassets */,
				325E2EF524250CBA00BB2EBC /* kenny.jpeg */,
				325E2EEC24250B8E00BB2EBC /* LaunchScreen.storyboard */,
				325E2EEF24250B8E00BB2EBC /* Info.plist */,
			);
			path = CatchKenny;
			sourceTree = "<group>";
		};
/* End PBXGroup section */

/* Begin PBXNativeTarget section */
		325E2EDD24250B8A00BB2EBC /* CatchKenny */ = {
			isa = PBXNativeTarget;
			buildConfigurationList = 325E2EF224250B8E00BB2EBC /* Build configuration list for PBXNativeTarget "CatchKenny" */;
			buildPhases = (
				325E2EDA24250B8A00BB2EBC /* Sources */,
				325E2EDB24250B8A00BB2EBC /* Frameworks */,
				325E2EDC24250B8A00BB2EBC /* Resources */,
			);
			buildRules = (
			);
			dependencies = (
			);
			name = CatchKenny;
			productName = CatchKenny;
			productReference = 325E2EDE24250B8A00BB2EBC /* CatchKenny.app */;
			productType = "com.apple.product-type.application";
		};
/* End PBXNativeTarget section */

/* Begin PBXProject section */
		325E2ED624250B8A00BB2EBC /* Project object */ = {
			isa = PBXProject;
			attributes = {
				LastSwiftUpdateCheck = 1130;
				LastUpgradeCheck = 1130;
				ORGANIZATIONNAME = "Kendra Mosley";
				TargetAttributes = {
					325E2EDD24250B8A00BB2EBC = {
						CreatedOnToolsVersion = 11.3.1;
					};
				};
			};
			buildConfigurationList = 325E2ED924250B8A00BB2EBC /* Build configuration list for PBXProject "CatchKenny" */;
			compatibilityVersion = "Xcode 9.3";
			developmentRegion = en;
			hasScannedForEncodings = 0;
			knownRegions = (
				en,
				Base,
			);
			mainGroup = 325E2ED524250B8A00BB2EBC;
			productRefGroup = 325E2EDF24250B8A00BB2EBC /* Products */;
			projectDirPath = "";
			projectRoot = "";
			targets = (
				325E2EDD24250B8A00BB2EBC /* CatchKenny */,
			);
		};
/* End PBXProject section */

/* Begin PBXResourcesBuildPhase section */
		325E2EDC24250B8A00BB2EBC /* Resources */ = {
			isa = PBXResourcesBuildPhase;
			buildActionMask = 2147483647;
			files = (
				325E2EEE24250B8E00BB2EBC /* LaunchScreen.storyboard in Resources */,
				325E2EEB24250B8E00BB2EBC /* Assets.xcassets in Resources */,
				325E2EE924250B8A00BB2EBC /* Main.storyboard in Resources */,
				325E2EF624250CBA00BB2EBC /* kenny.jpeg in Resources */,
			);
			runOnlyForDeploymentPostprocessing = 0;
		};
/* End PBXResourcesBuildPhase section */

/* Begin PBXSourcesBuildPhase section */
		325E2EDA24250B8A00BB2EBC /* Sources */ = {
			isa = PBXSourcesBuildPhase;
			buildActionMask = 2147483647;
			files = (
				325E2EE624250B8A00BB2EBC /* ViewController.swift in Sources */,
				325E2EE224250B8A00BB2EBC /* AppDelegate.swift in Sources */,
				325E2EE424250B8A00BB2EBC /* SceneDelegate.swift in Sources */,
			);
			runOnlyForDeploymentPostprocessing = 0;
		};
/* End PBXSourcesBuildPhase section */

/* Begin PBXVariantGroup section */
		325E2EE724250B8A00BB2EBC /* Main.storyboard */ = {
			isa = PBXVariantGroup;
			children = (
				325E2EE824250B8A00BB2EBC /* Base */,
			);
			name = Main.storyboard;
			sourceTree = "<group>";
		};
		325E2EEC24250B8E00BB2EBC /* LaunchScreen.storyboard */ = {
			isa = PBXVariantGroup;
			children = (
				325E2EED24250B8E00BB2EBC /* Base */,
			);
			name = LaunchScreen.storyboard;
			sourceTree = "<group>";
		};
/* End PBXVariantGroup section */

/* Begin XCBuildConfiguration section */
		325E2EF024250B8E00BB2EBC /* Debug */ = {
			isa = XCBuildConfiguration;
			buildSettings = {
				ALWAYS_SEARCH_USER_PATHS = NO;
				CLANG_ANALYZER_NONNULL = YES;
				CLANG_ANALYZER_NUMBER_OBJECT_CONVERSION = YES_AGGRESSIVE;
				CLANG_CXX_LANGUAGE_STANDARD = "gnu++14";
				CLANG_CXX_LIBRARY = "libc++";
				CLANG_ENABLE_MODULES = YES;
				CLANG_ENABLE_OBJC_ARC = YES;
				CLANG_ENABLE_OBJC_WEAK = YES;
				CLANG_WARN_BLOCK_CAPTURE_AUTORELEASING = YES;
				CLANG_WARN_BOOL_CONVERSION = YES;
				CLANG_WARN_COMMA = YES;
				CLANG_WARN_CONSTANT_CONVERSION = YES;
				CLANG_WARN_DEPRECATED_OBJC_IMPLEMENTATIONS = YES;
				CLANG_WARN_DIRECT_OBJC_ISA_USAGE = YES_ERROR;
				CLANG_WARN_DOCUMENTATION_COMMENTS = YES;
				CLANG_WARN_EMPTY_BODY = YES;
				CLANG_WARN_ENUM_CONVERSION = YES;
				CLANG_WARN_INFINITE_RECURSION = YES;
				CLANG_WARN_INT_CONVERSION = YES;
				CLANG_WARN_NON_LITERAL_NULL_CONVERSION = YES;
				CLANG_WARN_OBJC_IMPLICIT_RETAIN_SELF = YES;
				CLANG_WARN_OBJC_LITERAL_CONVERSION = YES;
				CLANG_WARN_OBJC_ROOT_CLASS = YES_ERROR;
				CLANG_WARN_RANGE_LOOP_ANALYSIS = YES;
				CLANG_WARN_STRICT_PROTOTYPES = YES;
				CLANG_WARN_SUSPICIOUS_MOVE = YES;
				CLANG_WARN_UNGUARDED_AVAILABILITY = YES_AGGRESSIVE;
				CLANG_WARN_UNREACHABLE_CODE = YES;
				CLANG_WARN__DUPLICATE_METHOD_MATCH = YES;
				COPY_PHASE_STRIP = NO;
				DEBUG_INFORMATION_FORMAT = dwarf;
				ENABLE_STRICT_OBJC_MSGSEND = YES;
				ENABLE_TESTABILITY = YES;
				GCC_C_LANGUAGE_STANDARD = gnu11;
				GCC_DYNAMIC_NO_PIC = NO;
				GCC_NO_COMMON_BLOCKS = YES;
				GCC_OPTIMIZATION_LEVEL = 0;
				GCC_PREPROCESSOR_DEFINITIONS = (
					"DEBUG=1",
					"$(inherited)",
				);
				GCC_WARN_64_TO_32_BIT_CONVERSION = YES;
				GCC_WARN_ABOUT_RETURN_TYPE = YES_ERROR;
				GCC_WARN_UNDECLARED_SELECTOR = YES;
				GCC_WARN_UNINITIALIZED_AUTOS = YES_AGGRESSIVE;
				GCC_WARN_UNUSED_FUNCTION = YES;
				GCC_WARN_UNUSED_VARIABLE = YES;
				IPHONEOS_DEPLOYMENT_TARGET = 13.2;
				MTL_ENABLE_DEBUG_INFO = INCLUDE_SOURCE;
				MTL_FAST_MATH = YES;
				ONLY_ACTIVE_ARCH = YES;
				SDKROOT = iphoneos;
				SWIFT_ACTIVE_COMPILATION_CONDITIONS = DEBUG;
				SWIFT_OPTIMIZATION_LEVEL = "-Onone";
			};
			name = Debug;
		};
		325E2EF124250B8E00BB2EBC /* Release */ = {
			isa = XCBuildConfiguration;
			buildSettings = {
				ALWAYS_SEARCH_USER_PATHS = NO;
				CLANG_ANALYZER_NONNULL = YES;
				CLANG_ANALYZER_NUMBER_OBJECT_CONVERSION = YES_AGGRESSIVE;
				CLANG_CXX_LANGUAGE_STANDARD = "gnu++14";
				CLANG_CXX_LIBRARY = "libc++";
				CLANG_ENABLE_MODULES = YES;
				CLANG_ENABLE_OBJC_ARC = YES;
				CLANG_ENABLE_OBJC_WEAK = YES;
				CLANG_WARN_BLOCK_CAPTURE_AUTORELEASING = YES;
				CLANG_WARN_BOOL_CONVERSION = YES;
				CLANG_WARN_COMMA = YES;
				CLANG_WARN_CONSTANT_CONVERSION = YES;
				CLANG_WARN_DEPRECATED_OBJC_IMPLEMENTATIONS = YES;
				CLANG_WARN_DIRECT_OBJC_ISA_USAGE = YES_ERROR;
				CLANG_WARN_DOCUMENTATION_COMMENTS = YES;
				CLANG_WARN_EMPTY_BODY = YES;
				CLANG_WARN_ENUM_CONVERSION = YES;
				CLANG_WARN_INFINITE_RECURSION = YES;
				CLANG_WARN_INT_CONVERSION = YES;
				CLANG_WARN_NON_LITERAL_NULL_CONVERSION = YES;
				CLANG_WARN_OBJC_IMPLICIT_RETAIN_SELF = YES;
				CLANG_WARN_OBJC_LITERAL_CONVERSION = YES;
				CLANG_WARN_OBJC_ROOT_CLASS = YES_ERROR;
				CLANG_WARN_RANGE_LOOP_ANALYSIS = YES;
				CLANG_WARN_STRICT_PROTOTYPES = YES;
				CLANG_WARN_SUSPICIOUS_MOVE = YES;
				CLANG_WARN_UNGUARDED_AVAILABILITY = YES_AGGRESSIVE;
				CLANG_WARN_UNREACHABLE_CODE = YES;
				CLANG_WARN__DUPLICATE_METHOD_MATCH = YES;
				COPY_PHASE_STRIP = NO;
				DEBUG_INFORMATION_FORMAT = "dwarf-with-dsym";
				ENABLE_NS_ASSERTIONS = NO;
				ENABLE_STRICT_OBJC_MSGSEND = YES;
				GCC_C_LANGUAGE_STANDARD = gnu11;
				GCC_NO_COMMON_BLOCKS = YES;
				GCC_WARN_64_TO_32_BIT_CONVERSION = YES;
				GCC_WARN_ABOUT_RETURN_TYPE = YES_ERROR;
				GCC_WARN_UNDECLARED_SELECTOR = YES;
				GCC_WARN_UNINITIALIZED_AUTOS = YES_AGGRESSIVE;
				GCC_WARN_UNUSED_FUNCTION = YES;
				GCC_WARN_UNUSED_VARIABLE = YES;
				IPHONEOS_DEPLOYMENT_TARGET = 13.2;
				MTL_ENABLE_DEBUG_INFO = NO;
				MTL_FAST_MATH = YES;
				SDKROOT = iphoneos;
				SWIFT_COMPILATION_MODE = wholemodule;
				SWIFT_OPTIMIZATION_LEVEL = "-O";
				VALIDATE_PRODUCT = YES;
			};
			name = Release;
		};
		325E2EF324250B8E00BB2EBC /* Debug */ = {
			isa = XCBuildConfiguration;
			buildSettings = {
				ASSETCATALOG_COMPILER_APPICON_NAME = AppIcon;
				CODE_SIGN_STYLE = Automatic;
				DEVELOPMENT_TEAM = 3MB7BZ8V5H;
				INFOPLIST_FILE = CatchKenny/Info.plist;
				LD_RUNPATH_SEARCH_PATHS = (
					"$(inherited)",
					"@executable_path/Frameworks",
				);
				PRODUCT_BUNDLE_IDENTIFIER = com.kendramosley.CatchKenny;
				PRODUCT_NAME = "$(TARGET_NAME)";
				SWIFT_VERSION = 5.0;
				TARGETED_DEVICE_FAMILY = "1,2";
			};
			name = Debug;
		};
		325E2EF424250B8E00BB2EBC /* Release */ = {
			isa = XCBuildConfiguration;
			buildSettings = {
				ASSETCATALOG_COMPILER_APPICON_NAME = AppIcon;
				CODE_SIGN_STYLE = Automatic;
				DEVELOPMENT_TEAM = 3MB7BZ8V5H;
				INFOPLIST_FILE = CatchKenny/Info.plist;
				LD_RUNPATH_SEARCH_PATHS = (
					"$(inherited)",
					"@executable_path/Frameworks",
				);
				PRODUCT_BUNDLE_IDENTIFIER = com.kendramosley.CatchKenny;
				PRODUCT_NAME = "$(TARGET_NAME)";
				SWIFT_VERSION = 5.0;
				TARGETED_DEVICE_FAMILY = "1,2";
			};
			name = Release;
		};
/* End XCBuildConfiguration section */

/* Begin XCConfigurationList section */
		325E2ED924250B8A00BB2EBC /* Build configuration list for PBXProject "CatchKenny" */ = {
			isa = XCConfigurationList;
			buildConfigurations = (
				325E2EF024250B8E00BB2EBC /* Debug */,
				325E2EF124250B8E00BB2EBC /* Release */,
			);
			defaultConfigurationIsVisible = 0;
			defaultConfigurationName = Release;
		};
		325E2EF224250B8E00BB2EBC /* Build configuration list for PBXNativeTarget "CatchKenny" */ = {
			isa = XCConfigurationList;
			buildConfigurations = (
				325E2EF324250B8E00BB2EBC /* Debug */,
				325E2EF424250B8E00BB2EBC /* Release */,
			);
			defaultConfigurationIsVisible = 0;
			defaultConfigurationName = Release;
		};
/* End XCConfigurationList section */
	};
	rootObject = 325E2ED624250B8A00BB2EBC /* Project object */;
}
